
Microsoft Visual Studio Solution File, Format Version 12.00
# Visual Studio Version 16
VisualStudioVersion = 16.0.31424.327
MinimumVisualStudioVersion = 10.0.40219.1
Project("{FAE04EC0-301F-11D3-BF4B-00C04F79EFBC}") = "DeconstructingNon-tupleTypes", "DeconstructingNon-tupleTypes\DeconstructingNon-tupleTypes.csproj", "{182A972C-7AB8-483C-8ADE-FC35208360AD}"
EndProject
Global
	GlobalSection(SolutionConfigurationPlatforms) = preSolution
		Debug|Any CPU = Debug|Any CPU
		Release|Any CPU = Release|Any CPU
	EndGlobalSection
	GlobalSection(ProjectConfigurationPlatforms) = postSolution
		{182A972C-7AB8-483C-8ADE-FC35208360AD}.Debug|Any CPU.ActiveCfg = Debug|Any CPU
		{182A972C-7AB8-483C-8ADE-FC35208360AD}.Debug|Any CPU.Build.0 = Debug|Any CPU
		{182A972C-7AB8-483C-8ADE-FC35208360AD}.Release|Any CPU.ActiveCfg = Release|Any CPU
		{182A972C-7AB8-483C-8ADE-FC35208360AD}.Release|Any CPU.Build.0 = Release|Any CPU
	EndGlobalSection
	GlobalSection(SolutionProperties) = preSolution
		HideSolutionNode = FALSE
	EndGlobalSection
	GlobalSection(ExtensibilityGlobals) = postSolution
		SolutionGuid = {A4D182BC-84C0-4964-BB31-ED20C537A744}
	EndGlobalSection
EndGlobal
